
Microsoft Visual Studio Solution File, Format Version 12.00
# Visual Studio Version 17
VisualStudioVersion = 17.4.33213.308
MinimumVisualStudioVersion = 10.0.40219.1
Project("{FAE04EC0-301F-11D3-BF4B-00C04F79EFBC}") = "dlIRC", "dlIRC\dlIRC.csproj", "{B5227C84-5640-4D80-B2BE-4A0928D5F4F7}"
EndProject
Global
	GlobalSection(SolutionConfigurationPlatforms) = preSolution
		Debug|Any CPU = Debug|Any CPU
		Release|Any CPU = Release|Any CPU
	EndGlobalSection
	GlobalSection(ProjectConfigurationPlatforms) = postSolution
		{B5227C84-5640-4D80-B2BE-4A0928D5F4F7}.Debug|Any CPU.ActiveCfg = Debug|Any CPU
		{B5227C84-5640-4D80-B2BE-4A0928D5F4F7}.Debug|Any CPU.Build.0 = Debug|Any CPU
		{B5227C84-5640-4D80-B2BE-4A0928D5F4F7}.Release|Any CPU.ActiveCfg = Release|Any CPU
		{B5227C84-5640-4D80-B2BE-4A0928D5F4F7}.Release|Any CPU.Build.0 = Release|Any CPU
	EndGlobalSection
	GlobalSection(SolutionProperties) = preSolution
		HideSolutionNode = FALSE
	EndGlobalSection
	GlobalSection(ExtensibilityGlobals) = postSolution
		SolutionGuid = {E8953F64-8FC9-487C-B0FC-F8FAC60FC642}
	EndGlobalSection
EndGlobal
